
Microsoft Visual Studio Solution File, Format Version 12.00
# Visual Studio Version 17
VisualStudioVersion = 17.8.34322.80
MinimumVisualStudioVersion = 10.0.40219.1
Project("{FAE04EC0-301F-11D3-BF4B-00C04F79EFBC}") = "Modul16.HW", "Modul16.HW\Modul16.HW.csproj", "{9D2D8DA6-3E5C-477C-8F88-C3D3EF95D69B}"
EndProject
Project("{FAE04EC0-301F-11D3-BF4B-00C04F79EFBC}") = "Modul16.HW.Tests", "Modul16.HW.Tests\Modul16.HW.Tests.csproj", "{6C76A13B-D0A6-43F9-A4DE-504F19E053DC}"
EndProject
Global
	GlobalSection(SolutionConfigurationPlatforms) = preSolution
		Debug|Any CPU = Debug|Any CPU
		Release|Any CPU = Release|Any CPU
	EndGlobalSection
	GlobalSection(ProjectConfigurationPlatforms) = postSolution
		{9D2D8DA6-3E5C-477C-8F88-C3D3EF95D69B}.Debug|Any CPU.ActiveCfg = Debug|Any CPU
		{9D2D8DA6-3E5C-477C-8F88-C3D3EF95D69B}.Debug|Any CPU.Build.0 = Debug|Any CPU
		{9D2D8DA6-3E5C-477C-8F88-C3D3EF95D69B}.Release|Any CPU.ActiveCfg = Release|Any CPU
		{9D2D8DA6-3E5C-477C-8F88-C3D3EF95D69B}.Release|Any CPU.Build.0 = Release|Any CPU
		{6C76A13B-D0A6-43F9-A4DE-504F19E053DC}.Debug|Any CPU.ActiveCfg = Debug|Any CPU
		{6C76A13B-D0A6-43F9-A4DE-504F19E053DC}.Debug|Any CPU.Build.0 = Debug|Any CPU
		{6C76A13B-D0A6-43F9-A4DE-504F19E053DC}.Release|Any CPU.ActiveCfg = Release|Any CPU
		{6C76A13B-D0A6-43F9-A4DE-504F19E053DC}.Release|Any CPU.Build.0 = Release|Any CPU
	EndGlobalSection
	GlobalSection(SolutionProperties) = preSolution
		HideSolutionNode = FALSE
	EndGlobalSection
	GlobalSection(ExtensibilityGlobals) = postSolution
		SolutionGuid = {CF8B5063-9F47-46F9-B974-C135D7F99229}
	EndGlobalSection
EndGlobal
